// !$*UTF8*$!
{
	archiveVersion = 1;
	classes = {
	};
	objectVersion = 50;
	objects = {

/* Begin PBXBuildFile section */
		10165E14261A30060021D046 /* WeatherButton.swift in Sources */ = {isa = PBXBuildFile; fileRef = 10165E13261A30060021D046 /* WeatherButton.swift */; };
		10EDE2622619141A00B9FFA7 /* SwiftUI_WeatherApp.swift in Sources */ = {isa = PBXBuildFile; fileRef = 10EDE2612619141A00B9FFA7 /* SwiftUI_WeatherApp.swift */; };
		10EDE2642619141A00B9FFA7 /* ContentView.swift in Sources */ = {isa = PBXBuildFile; fileRef = 10EDE2632619141A00B9FFA7 /* ContentView.swift */; };
		10EDE2662619141B00B9FFA7 /* Assets.xcassets in Resources */ = {isa = PBXBuildFile; fileRef = 10EDE2652619141B00B9FFA7 /* Assets.xcassets */; };
		10EDE2692619141B00B9FFA7 /* Preview Assets.xcassets in Resources */ = {isa = PBXBuildFile; fileRef = 10EDE2682619141B00B9FFA7 /* Preview Assets.xcassets */; };
		10EDE2742619141B00B9FFA7 /* SwiftUI_WeatherTests.swift in Sources */ = {isa = PBXBuildFile; fileRef = 10EDE2732619141B00B9FFA7 /* SwiftUI_WeatherTests.swift */; };
		10EDE27F2619141B00B9FFA7 /* SwiftUI_WeatherUITests.swift in Sources */ = {isa = PBXBuildFile; fileRef = 10EDE27E2619141B00B9FFA7 /* SwiftUI_WeatherUITests.swift */; };
/* End PBXBuildFile section */

/* Begin PBXContainerItemProxy section */
		10EDE2702619141B00B9FFA7 /* PBXContainerItemProxy */ = {
			isa = PBXContainerItemProxy;
			containerPortal = 10EDE2562619141A00B9FFA7 /* Project object */;
			proxyType = 1;
			remoteGlobalIDString = 10EDE25D2619141A00B9FFA7;
			remoteInfo = "SwiftUI-Weather";
		};
		10EDE27B2619141B00B9FFA7 /* PBXContainerItemProxy */ = {
			isa = PBXContainerItemProxy;
			containerPortal = 10EDE2562619141A00B9FFA7 /* Project object */;
			proxyType = 1;
			remoteGlobalIDString = 10EDE25D2619141A00B9FFA7;
			remoteInfo = "SwiftUI-Weather";
		};
/* End PBXContainerItemProxy section */

/* Begin PBXFileReference section */
		10165E13261A30060021D046 /* WeatherButton.swift */ = {isa = PBXFileReference; lastKnownFileType = sourcecode.swift; path = WeatherButton.swift; sourceTree = "<group>"; };
		10EDE25E2619141A00B9FFA7 /* SwiftUI-Weather.app */ = {isa = PBXFileReference; explicitFileType = wrapper.application; includeInIndex = 0; path = "SwiftUI-Weather.app"; sourceTree = BUILT_PRODUCTS_DIR; };
		10EDE2612619141A00B9FFA7 /* SwiftUI_WeatherApp.swift */ = {isa = PBXFileReference; lastKnownFileType = sourcecode.swift; path = SwiftUI_WeatherApp.swift; sourceTree = "<group>"; };
		10EDE2632619141A00B9FFA7 /* ContentView.swift */ = {isa = PBXFileReference; lastKnownFileType = sourcecode.swift; path = ContentView.swift; sourceTree = "<group>"; };
		10EDE2652619141B00B9FFA7 /* Assets.xcassets */ = {isa = PBXFileReference; lastKnownFileType = folder.assetcatalog; path = Assets.xcassets; sourceTree = "<group>"; };
		10EDE2682619141B00B9FFA7 /* Preview Assets.xcassets */ = {isa = PBXFileReference; lastKnownFileType = folder.assetcatalog; path = "Preview Assets.xcassets"; sourceTree = "<group>"; };
		10EDE26A2619141B00B9FFA7 /* Info.plist */ = {isa = PBXFileReference; lastKnownFileType = text.plist.xml; path = Info.plist; sourceTree = "<group>"; };
		10EDE26F2619141B00B9FFA7 /* SwiftUI-WeatherTests.xctest */ = {isa = PBXFileReference; explicitFileType = wrapper.cfbundle; includeInIndex = 0; path = "SwiftUI-WeatherTests.xctest"; sourceTree = BUILT_PRODUCTS_DIR; };
		10EDE2732619141B00B9FFA7 /* SwiftUI_WeatherTests.swift */ = {isa = PBXFileReference; lastKnownFileType = sourcecode.swift; path = SwiftUI_WeatherTests.swift; sourceTree = "<group>"; };
		10EDE2752619141B00B9FFA7 /* Info.plist */ = {isa = PBXFileReference; lastKnownFileType = text.plist.xml; path = Info.plist; sourceTree = "<group>"; };
		10EDE27A2619141B00B9FFA7 /* SwiftUI-WeatherUITests.xctest */ = {isa = PBXFileReference; explicitFileType = wrapper.cfbundle; includeInIndex = 0; path = "SwiftUI-WeatherUITests.xctest"; sourceTree = BUILT_PRODUCTS_DIR; };
		10EDE27E2619141B00B9FFA7 /* SwiftUI_WeatherUITests.swift */ = {isa = PBXFileReference; lastKnownFileType = sourcecode.swift; path = SwiftUI_WeatherUITests.swift; sourceTree = "<group>"; };
		10EDE2802619141B00B9FFA7 /* Info.plist */ = {isa = PBXFileReference; lastKnownFileType = text.plist.xml; path = Info.plist; sourceTree = "<group>"; };
/* End PBXFileReference section */

/* Begin PBXFrameworksBuildPhase section */
		10EDE25B2619141A00B9FFA7 /* Frameworks */ = {
			isa = PBXFrameworksBuildPhase;
			buildActionMask = 2147483647;
			files = (
			);
			runOnlyForDeploymentPostprocessing = 0;
		};
		10EDE26C2619141B00B9FFA7 /* Frameworks */ = {
			isa = PBXFrameworksBuildPhase;
			buildActionMask = 2147483647;
			files = (
			);
			runOnlyForDeploymentPostprocessing = 0;
		};
		10EDE2772619141B00B9FFA7 /* Frameworks */ = {
			isa = PBXFrameworksBuildPhase;
			buildActionMask = 2147483647;
			files = (
			);
			runOnlyForDeploymentPostprocessing = 0;
		};
/* End PBXFrameworksBuildPhase section */

/* Begin PBXGroup section */
		10EDE2552619141A00B9FFA7 = {
			isa = PBXGroup;
			children = (
				10EDE2602619141A00B9FFA7 /* SwiftUI-Weather */,
				10EDE2722619141B00B9FFA7 /* SwiftUI-WeatherTests */,
				10EDE27D2619141B00B9FFA7 /* SwiftUI-WeatherUITests */,
				10EDE25F2619141A00B9FFA7 /* Products */,
			);
			sourceTree = "<group>";
		};
		10EDE25F2619141A00B9FFA7 /* Products */ = {
			isa = PBXGroup;
			children = (
				10EDE25E2619141A00B9FFA7 /* SwiftUI-Weather.app */,
				10EDE26F2619141B00B9FFA7 /* SwiftUI-WeatherTests.xctest */,
				10EDE27A2619141B00B9FFA7 /* SwiftUI-WeatherUITests.xctest */,
			);
			name = Products;
			sourceTree = "<group>";
		};
		10EDE2602619141A00B9FFA7 /* SwiftUI-Weather */ = {
			isa = PBXGroup;
			children = (
				10EDE2612619141A00B9FFA7 /* SwiftUI_WeatherApp.swift */,
				10EDE2632619141A00B9FFA7 /* ContentView.swift */,
				10EDE2652619141B00B9FFA7 /* Assets.xcassets */,
				10EDE26A2619141B00B9FFA7 /* Info.plist */,
				10EDE2672619141B00B9FFA7 /* Preview Content */,
				10165E13261A30060021D046 /* WeatherButton.swift */,
			);
			path = "SwiftUI-Weather";
			sourceTree = "<group>";
		};
		10EDE2672619141B00B9FFA7 /* Preview Content */ = {
			isa = PBXGroup;
			children = (
				10EDE2682619141B00B9FFA7 /* Preview Assets.xcassets */,
			);
			path = "Preview Content";
			sourceTree = "<group>";
		};
		10EDE2722619141B00B9FFA7 /* SwiftUI-WeatherTests */ = {
			isa = PBXGroup;
			children = (
				10EDE2732619141B00B9FFA7 /* SwiftUI_WeatherTests.swift */,
				10EDE2752619141B00B9FFA7 /* Info.plist */,
			);
			path = "SwiftUI-WeatherTests";
			sourceTree = "<group>";
		};
		10EDE27D2619141B00B9FFA7 /* SwiftUI-WeatherUITests */ = {
			isa = PBXGroup;
			children = (
				10EDE27E2619141B00B9FFA7 /* SwiftUI_WeatherUITests.swift */,
				10EDE2802619141B00B9FFA7 /* Info.plist */,
			);
			path = "SwiftUI-WeatherUITests";
			sourceTree = "<group>";
		};
/* End PBXGroup section */

/* Begin PBXNativeTarget section */
		10EDE25D2619141A00B9FFA7 /* SwiftUI-Weather */ = {
			isa = PBXNativeTarget;
			buildConfigurationList = 10EDE2832619141B00B9FFA7 /* Build configuration list for PBXNativeTarget "SwiftUI-Weather" */;
			buildPhases = (
				10EDE25A2619141A00B9FFA7 /* Sources */,
				10EDE25B2619141A00B9FFA7 /* Frameworks */,
				10EDE25C2619141A00B9FFA7 /* Resources */,
			);
			buildRules = (
			);
			dependencies = (
			);
			name = "SwiftUI-Weather";
			productName = "SwiftUI-Weather";
			productReference = 10EDE25E2619141A00B9FFA7 /* SwiftUI-Weather.app */;
			productType = "com.apple.product-type.application";
		};
		10EDE26E2619141B00B9FFA7 /* SwiftUI-WeatherTests */ = {
			isa = PBXNativeTarget;
			buildConfigurationList = 10EDE2862619141B00B9FFA7 /* Build configuration list for PBXNativeTarget "SwiftUI-WeatherTests" */;
			buildPhases = (
				10EDE26B2619141B00B9FFA7 /* Sources */,
				10EDE26C2619141B00B9FFA7 /* Frameworks */,
				10EDE26D2619141B00B9FFA7 /* Resources */,
			);
			buildRules = (
			);
			dependencies = (
				10EDE2712619141B00B9FFA7 /* PBXTargetDependency */,
			);
			name = "SwiftUI-WeatherTests";
			productName = "SwiftUI-WeatherTests";
			productReference = 10EDE26F2619141B00B9FFA7 /* SwiftUI-WeatherTests.xctest */;
			productType = "com.apple.product-type.bundle.unit-test";
		};
		10EDE2792619141B00B9FFA7 /* SwiftUI-WeatherUITests */ = {
			isa = PBXNativeTarget;
			buildConfigurationList = 10EDE2892619141B00B9FFA7 /* Build configuration list for PBXNativeTarget "SwiftUI-WeatherUITests" */;
			buildPhases = (
				10EDE2762619141B00B9FFA7 /* Sources */,
				10EDE2772619141B00B9FFA7 /* Frameworks */,
				10EDE2782619141B00B9FFA7 /* Resources */,
			);
			buildRules = (
			);
			dependencies = (
				10EDE27C2619141B00B9FFA7 /* PBXTargetDependency */,
			);
			name = "SwiftUI-WeatherUITests";
			productName = "SwiftUI-WeatherUITests";
			productReference = 10EDE27A2619141B00B9FFA7 /* SwiftUI-WeatherUITests.xctest */;
			productType = "com.apple.product-type.bundle.ui-testing";
		};
/* End PBXNativeTarget section */

/* Begin PBXProject section */
		10EDE2562619141A00B9FFA7 /* Project object */ = {
			isa = PBXProject;
			attributes = {
				LastSwiftUpdateCheck = 1240;
				LastUpgradeCheck = 1240;
				TargetAttributes = {
					10EDE25D2619141A00B9FFA7 = {
						CreatedOnToolsVersion = 12.4;
					};
					10EDE26E2619141B00B9FFA7 = {
						CreatedOnToolsVersion = 12.4;
						TestTargetID = 10EDE25D2619141A00B9FFA7;
					};
					10EDE2792619141B00B9FFA7 = {
						CreatedOnToolsVersion = 12.4;
						TestTargetID = 10EDE25D2619141A00B9FFA7;
					};
				};
			};
			buildConfigurationList = 10EDE2592619141A00B9FFA7 /* Build configuration list for PBXProject "SwiftUI-Weather" */;
			compatibilityVersion = "Xcode 9.3";
			developmentRegion = en;
			hasScannedForEncodings = 0;
			knownRegions = (
				en,
				Base,
			);
			mainGroup = 10EDE2552619141A00B9FFA7;
			productRefGroup = 10EDE25F2619141A00B9FFA7 /* Products */;
			projectDirPath = "";
			projectRoot = "";
			targets = (
				10EDE25D2619141A00B9FFA7 /* SwiftUI-Weather */,
				10EDE26E2619141B00B9FFA7 /* SwiftUI-WeatherTests */,
				10EDE2792619141B00B9FFA7 /* SwiftUI-WeatherUITests */,
			);
		};
/* End PBXProject section */

/* Begin PBXResourcesBuildPhase section */
		10EDE25C2619141A00B9FFA7 /* Resources */ = {
			isa = PBXResourcesBuildPhase;
			buildActionMask = 2147483647;
			files = (
				10EDE2692619141B00B9FFA7 /* Preview Assets.xcassets in Resources */,
				10EDE2662619141B00B9FFA7 /* Assets.xcassets in Resources */,
			);
			runOnlyForDeploymentPostprocessing = 0;
		};
		10EDE26D2619141B00B9FFA7 /* Resources */ = {
			isa = PBXResourcesBuildPhase;
			buildActionMask = 2147483647;
			files = (
			);
			runOnlyForDeploymentPostprocessing = 0;
		};
		10EDE2782619141B00B9FFA7 /* Resources */ = {
			isa = PBXResourcesBuildPhase;
			buildActionMask = 2147483647;
			files = (
			);
			runOnlyForDeploymentPostprocessing = 0;
		};
/* End PBXResourcesBuildPhase section */

/* Begin PBXSourcesBuildPhase section */
		10EDE25A2619141A00B9FFA7 /* Sources */ = {
			isa = PBXSourcesBuildPhase;
			buildActionMask = 2147483647;
			files = (
				10EDE2642619141A00B9FFA7 /* ContentView.swift in Sources */,
				10EDE2622619141A00B9FFA7 /* SwiftUI_WeatherApp.swift in Sources */,
				10165E14261A30060021D046 /* WeatherButton.swift in Sources */,
			);
			runOnlyForDeploymentPostprocessing = 0;
		};
		10EDE26B2619141B00B9FFA7 /* Sources */ = {
			isa = PBXSourcesBuildPhase;
			buildActionMask = 2147483647;
			files = (
				10EDE2742619141B00B9FFA7 /* SwiftUI_WeatherTests.swift in Sources */,
			);
			runOnlyForDeploymentPostprocessing = 0;
		};
		10EDE2762619141B00B9FFA7 /* Sources */ = {
			isa = PBXSourcesBuildPhase;
			buildActionMask = 2147483647;
			files = (
				10EDE27F2619141B00B9FFA7 /* SwiftUI_WeatherUITests.swift in Sources */,
			);
			runOnlyForDeploymentPostprocessing = 0;
		};
/* End PBXSourcesBuildPhase section */

/* Begin PBXTargetDependency section */
		10EDE2712619141B00B9FFA7 /* PBXTargetDependency */ = {
			isa = PBXTargetDependency;
			target = 10EDE25D2619141A00B9FFA7 /* SwiftUI-Weather */;
			targetProxy = 10EDE2702619141B00B9FFA7 /* PBXContainerItemProxy */;
		};
		10EDE27C2619141B00B9FFA7 /* PBXTargetDependency */ = {
			isa = PBXTargetDependency;
			target = 10EDE25D2619141A00B9FFA7 /* SwiftUI-Weather */;
			targetProxy = 10EDE27B2619141B00B9FFA7 /* PBXContainerItemProxy */;
		};
/* End PBXTargetDependency section */

/* Begin XCBuildConfiguration section */
		10EDE2812619141B00B9FFA7 /* Debug */ = {
			isa = XCBuildConfiguration;
			buildSettings = {
				ALWAYS_SEARCH_USER_PATHS = NO;
				CLANG_ANALYZER_NONNULL = YES;
				CLANG_ANALYZER_NUMBER_OBJECT_CONVERSION = YES_AGGRESSIVE;
				CLANG_CXX_LANGUAGE_STANDARD = "gnu++14";
				CLANG_CXX_LIBRARY = "libc++";
				CLANG_ENABLE_MODULES = YES;
				CLANG_ENABLE_OBJC_ARC = YES;
				CLANG_ENABLE_OBJC_WEAK = YES;
				CLANG_WARN_BLOCK_CAPTURE_AUTORELEASING = YES;
				CLANG_WARN_BOOL_CONVERSION = YES;
				CLANG_WARN_COMMA = YES;
				CLANG_WARN_CONSTANT_CONVERSION = YES;
				CLANG_WARN_DEPRECATED_OBJC_IMPLEMENTATIONS = YES;
				CLANG_WARN_DIRECT_OBJC_ISA_USAGE = YES_ERROR;
				CLANG_WARN_DOCUMENTATION_COMMENTS = YES;
				CLANG_WARN_EMPTY_BODY = YES;
				CLANG_WARN_ENUM_CONVERSION = YES;
				CLANG_WARN_INFINITE_RECURSION = YES;
				CLANG_WARN_INT_CONVERSION = YES;
				CLANG_WARN_NON_LITERAL_NULL_CONVERSION = YES;
				CLANG_WARN_OBJC_IMPLICIT_RETAIN_SELF = YES;
				CLANG_WARN_OBJC_LITERAL_CONVERSION = YES;
				CLANG_WARN_OBJC_ROOT_CLASS = YES_ERROR;
				CLANG_WARN_QUOTED_INCLUDE_IN_FRAMEWORK_HEADER = YES;
				CLANG_WARN_RANGE_LOOP_ANALYSIS = YES;
				CLANG_WARN_STRICT_PROTOTYPES = YES;
				CLANG_WARN_SUSPICIOUS_MOVE = YES;
				CLANG_WARN_UNGUARDED_AVAILABILITY = YES_AGGRESSIVE;
				CLANG_WARN_UNREACHABLE_CODE = YES;
				CLANG_WARN__DUPLICATE_METHOD_MATCH = YES;
				COPY_PHASE_STRIP = NO;
				DEBUG_INFORMATION_FORMAT = dwarf;
				ENABLE_STRICT_OBJC_MSGSEND = YES;
				ENABLE_TESTABILITY = YES;
				GCC_C_LANGUAGE_STANDARD = gnu11;
				GCC_DYNAMIC_NO_PIC = NO;
				GCC_NO_COMMON_BLOCKS = YES;
				GCC_OPTIMIZATION_LEVEL = 0;
				GCC_PREPROCESSOR_DEFINITIONS = (
					"DEBUG=1",
					"$(inherited)",
				);
				GCC_WARN_64_TO_32_BIT_CONVERSION = YES;
				GCC_WARN_ABOUT_RETURN_TYPE = YES_ERROR;
				GCC_WARN_UNDECLARED_SELECTOR = YES;
				GCC_WARN_UNINITIALIZED_AUTOS = YES_AGGRESSIVE;
				GCC_WARN_UNUSED_FUNCTION = YES;
				GCC_WARN_UNUSED_VARIABLE = YES;
				IPHONEOS_DEPLOYMENT_TARGET = 14.4;
				MTL_ENABLE_DEBUG_INFO = INCLUDE_SOURCE;
				MTL_FAST_MATH = YES;
				ONLY_ACTIVE_ARCH = YES;
				SDKROOT = iphoneos;
				SWIFT_ACTIVE_COMPILATION_CONDITIONS = DEBUG;
				SWIFT_OPTIMIZATION_LEVEL = "-Onone";
			};
			name = Debug;
		};
		10EDE2822619141B00B9FFA7 /* Release */ = {
			isa = XCBuildConfiguration;
			buildSettings = {
				ALWAYS_SEARCH_USER_PATHS = NO;
				CLANG_ANALYZER_NONNULL = YES;
				CLANG_ANALYZER_NUMBER_OBJECT_CONVERSION = YES_AGGRESSIVE;
				CLANG_CXX_LANGUAGE_STANDARD = "gnu++14";
				CLANG_CXX_LIBRARY = "libc++";
				CLANG_ENABLE_MODULES = YES;
				CLANG_ENABLE_OBJC_ARC = YES;
				CLANG_ENABLE_OBJC_WEAK = YES;
				CLANG_WARN_BLOCK_CAPTURE_AUTORELEASING = YES;
				CLANG_WARN_BOOL_CONVERSION = YES;
				CLANG_WARN_COMMA = YES;
				CLANG_WARN_CONSTANT_CONVERSION = YES;
				CLANG_WARN_DEPRECATED_OBJC_IMPLEMENTATIONS = YES;
				CLANG_WARN_DIRECT_OBJC_ISA_USAGE = YES_ERROR;
				CLANG_WARN_DOCUMENTATION_COMMENTS = YES;
				CLANG_WARN_EMPTY_BODY = YES;
				CLANG_WARN_ENUM_CONVERSION = YES;
				CLANG_WARN_INFINITE_RECURSION = YES;
				CLANG_WARN_INT_CONVERSION = YES;
				CLANG_WARN_NON_LITERAL_NULL_CONVERSION = YES;
				CLANG_WARN_OBJC_IMPLICIT_RETAIN_SELF = YES;
				CLANG_WARN_OBJC_LITERAL_CONVERSION = YES;
				CLANG_WARN_OBJC_ROOT_CLASS = YES_ERROR;
				CLANG_WARN_QUOTED_INCLUDE_IN_FRAMEWORK_HEADER = YES;
				CLANG_WARN_RANGE_LOOP_ANALYSIS = YES;
				CLANG_WARN_STRICT_PROTOTYPES = YES;
				CLANG_WARN_SUSPICIOUS_MOVE = YES;
				CLANG_WARN_UNGUARDED_AVAILABILITY = YES_AGGRESSIVE;
				CLANG_WARN_UNREACHABLE_CODE = YES;
				CLANG_WARN__DUPLICATE_METHOD_MATCH = YES;
				COPY_PHASE_STRIP = NO;
				DEBUG_INFORMATION_FORMAT = "dwarf-with-dsym";
				ENABLE_NS_ASSERTIONS = NO;
				ENABLE_STRICT_OBJC_MSGSEND = YES;
				GCC_C_LANGUAGE_STANDARD = gnu11;
				GCC_NO_COMMON_BLOCKS = YES;
				GCC_WARN_64_TO_32_BIT_CONVERSION = YES;
				GCC_WARN_ABOUT_RETURN_TYPE = YES_ERROR;
				GCC_WARN_UNDECLARED_SELECTOR = YES;
				GCC_WARN_UNINITIALIZED_AUTOS = YES_AGGRESSIVE;
				GCC_WARN_UNUSED_FUNCTION = YES;
				GCC_WARN_UNUSED_VARIABLE = YES;
				IPHONEOS_DEPLOYMENT_TARGET = 14.4;
				MTL_ENABLE_DEBUG_INFO = NO;
				MTL_FAST_MATH = YES;
				SDKROOT = iphoneos;
				SWIFT_COMPILATION_MODE = wholemodule;
				SWIFT_OPTIMIZATION_LEVEL = "-O";
				VALIDATE_PRODUCT = YES;
			};
			name = Release;
		};
		10EDE2842619141B00B9FFA7 /* Debug */ = {
			isa = XCBuildConfiguration;
			buildSettings = {
				ASSETCATALOG_COMPILER_APPICON_NAME = AppIcon;
				ASSETCATALOG_COMPILER_GLOBAL_ACCENT_COLOR_NAME = AccentColor;
				CODE_SIGN_STYLE = Automatic;
				DEVELOPMENT_ASSET_PATHS = "\"SwiftUI-Weather/Preview Content\"";
				DEVELOPMENT_TEAM = P88NZ744S2;
				ENABLE_PREVIEWS = YES;
				INFOPLIST_FILE = "SwiftUI-Weather/Info.plist";
				IPHONEOS_DEPLOYMENT_TARGET = 14.0;
				LD_RUNPATH_SEARCH_PATHS = (
					"$(inherited)",
					"@executable_path/Frameworks",
				);
				PRODUCT_BUNDLE_IDENTIFIER = "com.IbrahimQaddoumi.SwiftUI-Weather";
				PRODUCT_NAME = "$(TARGET_NAME)";
				SWIFT_VERSION = 5.0;
				TARGETED_DEVICE_FAMILY = "1,2";
			};
			name = Debug;
		};
		10EDE2852619141B00B9FFA7 /* Release */ = {
			isa = XCBuildConfiguration;
			buildSettings = {
				ASSETCATALOG_COMPILER_APPICON_NAME = AppIcon;
				ASSETCATALOG_COMPILER_GLOBAL_ACCENT_COLOR_NAME = AccentColor;
				CODE_SIGN_STYLE = Automatic;
				DEVELOPMENT_ASSET_PATHS = "\"SwiftUI-Weather/Preview Content\"";
				DEVELOPMENT_TEAM = P88NZ744S2;
				ENABLE_PREVIEWS = YES;
				INFOPLIST_FILE = "SwiftUI-Weather/Info.plist";
				IPHONEOS_DEPLOYMENT_TARGET = 14.0;
				LD_RUNPATH_SEARCH_PATHS = (
					"$(inherited)",
					"@executable_path/Frameworks",
				);
				PRODUCT_BUNDLE_IDENTIFIER = "com.IbrahimQaddoumi.SwiftUI-Weather";
				PRODUCT_NAME = "$(TARGET_NAME)";
				SWIFT_VERSION = 5.0;
				TARGETED_DEVICE_FAMILY = "1,2";
			};
			name = Release;
		};
		10EDE2872619141B00B9FFA7 /* Debug */ = {
			isa = XCBuildConfiguration;
			buildSettings = {
				ALWAYS_EMBED_SWIFT_STANDARD_LIBRARIES = YES;
				BUNDLE_LOADER = "$(TEST_HOST)";
				CODE_SIGN_STYLE = Automatic;
				INFOPLIST_FILE = "SwiftUI-WeatherTests/Info.plist";
				IPHONEOS_DEPLOYMENT_TARGET = 14.0;
				LD_RUNPATH_SEARCH_PATHS = (
					"$(inherited)",
					"@executable_path/Frameworks",
					"@loader_path/Frameworks",
				);
				PRODUCT_BUNDLE_IDENTIFIER = "com.IbrahimQaddoumi.SwiftUI-WeatherTests";
				PRODUCT_NAME = "$(TARGET_NAME)";
				SWIFT_VERSION = 5.0;
				TARGETED_DEVICE_FAMILY = "1,2";
				TEST_HOST = "$(BUILT_PRODUCTS_DIR)/SwiftUI-Weather.app/SwiftUI-Weather";
			};
			name = Debug;
		};
		10EDE2882619141B00B9FFA7 /* Release */ = {
			isa = XCBuildConfiguration;
			buildSettings = {
				ALWAYS_EMBED_SWIFT_STANDARD_LIBRARIES = YES;
				BUNDLE_LOADER = "$(TEST_HOST)";
				CODE_SIGN_STYLE = Automatic;
				INFOPLIST_FILE = "SwiftUI-WeatherTests/Info.plist";
				IPHONEOS_DEPLOYMENT_TARGET = 14.0;
				LD_RUNPATH_SEARCH_PATHS = (
					"$(inherited)",
					"@executable_path/Frameworks",
					"@loader_path/Frameworks",
				);
				PRODUCT_BUNDLE_IDENTIFIER = "com.IbrahimQaddoumi.SwiftUI-WeatherTests";
				PRODUCT_NAME = "$(TARGET_NAME)";
				SWIFT_VERSION = 5.0;
				TARGETED_DEVICE_FAMILY = "1,2";
				TEST_HOST = "$(BUILT_PRODUCTS_DIR)/SwiftUI-Weather.app/SwiftUI-Weather";
			};
			name = Release;
		};
		10EDE28A2619141B00B9FFA7 /* Debug */ = {
			isa = XCBuildConfiguration;
			buildSettings = {
				ALWAYS_EMBED_SWIFT_STANDARD_LIBRARIES = YES;
				CODE_SIGN_STYLE = Automatic;
				INFOPLIST_FILE = "SwiftUI-WeatherUITests/Info.plist";
				LD_RUNPATH_SEARCH_PATHS = (
					"$(inherited)",
					"@executable_path/Frameworks",
					"@loader_path/Frameworks",
				);
				PRODUCT_BUNDLE_IDENTIFIER = "com.IbrahimQaddoumi.SwiftUI-WeatherUITests";
				PRODUCT_NAME = "$(TARGET_NAME)";
				SWIFT_VERSION = 5.0;
				TARGETED_DEVICE_FAMILY = "1,2";
				TEST_TARGET_NAME = "SwiftUI-Weather";
			};
			name = Debug;
		};
		10EDE28B2619141B00B9FFA7 /* Release */ = {
			isa = XCBuildConfiguration;
			buildSettings = {
				ALWAYS_EMBED_SWIFT_STANDARD_LIBRARIES = YES;
				CODE_SIGN_STYLE = Automatic;
				INFOPLIST_FILE = "SwiftUI-WeatherUITests/Info.plist";
				LD_RUNPATH_SEARCH_PATHS = (
					"$(inherited)",
					"@executable_path/Frameworks",
					"@loader_path/Frameworks",
				);
				PRODUCT_BUNDLE_IDENTIFIER = "com.IbrahimQaddoumi.SwiftUI-WeatherUITests";
				PRODUCT_NAME = "$(TARGET_NAME)";
				SWIFT_VERSION = 5.0;
				TARGETED_DEVICE_FAMILY = "1,2";
				TEST_TARGET_NAME = "SwiftUI-Weather";
			};
			name = Release;
		};
/* End XCBuildConfiguration section */

/* Begin XCConfigurationList section */
		10EDE2592619141A00B9FFA7 /* Build configuration list for PBXProject "SwiftUI-Weather" */ = {
			isa = XCConfigurationList;
			buildConfigurations = (
				10EDE2812619141B00B9FFA7 /* Debug */,
				10EDE2822619141B00B9FFA7 /* Release */,
			);
			defaultConfigurationIsVisible = 0;
			defaultConfigurationName = Release;
		};
		10EDE2832619141B00B9FFA7 /* Build configuration list for PBXNativeTarget "SwiftUI-Weather" */ = {
			isa = XCConfigurationList;
			buildConfigurations = (
				10EDE2842619141B00B9FFA7 /* Debug */,
				10EDE2852619141B00B9FFA7 /* Release */,
			);
			defaultConfigurationIsVisible = 0;
			defaultConfigurationName = Release;
		};
		10EDE2862619141B00B9FFA7 /* Build configuration list for PBXNativeTarget "SwiftUI-WeatherTests" */ = {
			isa = XCConfigurationList;
			buildConfigurations = (
				10EDE2872619141B00B9FFA7 /* Debug */,
				10EDE2882619141B00B9FFA7 /* Release */,
			);
			defaultConfigurationIsVisible = 0;
			defaultConfigurationName = Release;
		};
		10EDE2892619141B00B9FFA7 /* Build configuration list for PBXNativeTarget "SwiftUI-WeatherUITests" */ = {
			isa = XCConfigurationList;
			buildConfigurations = (
				10EDE28A2619141B00B9FFA7 /* Debug */,
				10EDE28B2619141B00B9FFA7 /* Release */,
			);
			defaultConfigurationIsVisible = 0;
			defaultConfigurationName = Release;
		};
/* End XCConfigurationList section */
	};
	rootObject = 10EDE2562619141A00B9FFA7 /* Project object */;
}
